
Microsoft Visual Studio Solution File, Format Version 12.00
# Visual Studio 15
VisualStudioVersion = 15.0.27130.2036
MinimumVisualStudioVersion = 10.0.40219.1
Project("{FAE04EC0-301F-11D3-BF4B-00C04F79EFBC}") = "Fakes", "Fakes\Fakes.csproj", "{92E976B2-4262-48A0-BB66-DC12D8D3BA17}"
EndProject
Project("{FAE04EC0-301F-11D3-BF4B-00C04F79EFBC}") = "DoorLib", "DoorLib\DoorLib.csproj", "{1BA2C769-0851-40E9-A4BD-A44CEE35529C}"
EndProject
Project("{FAE04EC0-301F-11D3-BF4B-00C04F79EFBC}") = "DoorLib.unit.test", "DoorLib.unit.test\DoorLib.unit.test.csproj", "{961C9781-2C7F-4347-A03A-EF29BAE95C14}"
EndProject
Global
	GlobalSection(SolutionConfigurationPlatforms) = preSolution
		Debug|Any CPU = Debug|Any CPU
		Release|Any CPU = Release|Any CPU
	EndGlobalSection
	GlobalSection(ProjectConfigurationPlatforms) = postSolution
		{92E976B2-4262-48A0-BB66-DC12D8D3BA17}.Debug|Any CPU.ActiveCfg = Debug|Any CPU
		{92E976B2-4262-48A0-BB66-DC12D8D3BA17}.Debug|Any CPU.Build.0 = Debug|Any CPU
		{92E976B2-4262-48A0-BB66-DC12D8D3BA17}.Release|Any CPU.ActiveCfg = Release|Any CPU
		{92E976B2-4262-48A0-BB66-DC12D8D3BA17}.Release|Any CPU.Build.0 = Release|Any CPU
		{1BA2C769-0851-40E9-A4BD-A44CEE35529C}.Debug|Any CPU.ActiveCfg = Debug|Any CPU
		{1BA2C769-0851-40E9-A4BD-A44CEE35529C}.Debug|Any CPU.Build.0 = Debug|Any CPU
		{1BA2C769-0851-40E9-A4BD-A44CEE35529C}.Release|Any CPU.ActiveCfg = Release|Any CPU
		{1BA2C769-0851-40E9-A4BD-A44CEE35529C}.Release|Any CPU.Build.0 = Release|Any CPU
		{961C9781-2C7F-4347-A03A-EF29BAE95C14}.Debug|Any CPU.ActiveCfg = Debug|Any CPU
		{961C9781-2C7F-4347-A03A-EF29BAE95C14}.Debug|Any CPU.Build.0 = Debug|Any CPU
		{961C9781-2C7F-4347-A03A-EF29BAE95C14}.Release|Any CPU.ActiveCfg = Release|Any CPU
		{961C9781-2C7F-4347-A03A-EF29BAE95C14}.Release|Any CPU.Build.0 = Release|Any CPU
	EndGlobalSection
	GlobalSection(SolutionProperties) = preSolution
		HideSolutionNode = FALSE
	EndGlobalSection
	GlobalSection(ExtensibilityGlobals) = postSolution
		SolutionGuid = {B91CEE75-A13B-4DDE-A83D-CA92E842A421}
	EndGlobalSection
EndGlobal
